// !$*UTF8*$!
{
	archiveVersion = 1;
	classes = {
	};
	objectVersion = 55;
	objects = {

/* Begin PBXBuildFile section */
		200A4C0F275F77EB00E73330 /* User.swift in Sources */ = {isa = PBXBuildFile; fileRef = 200A4C0E275F77EB00E73330 /* User.swift */; };
		200A4C13275F813100E73330 /* users.json in Resources */ = {isa = PBXBuildFile; fileRef = 200A4C12275F813100E73330 /* users.json */; };
		200A4C17275FA4CA00E73330 /* HabitStatistics.swift in Sources */ = {isa = PBXBuildFile; fileRef = 200A4C16275FA4CA00E73330 /* HabitStatistics.swift */; };
		200A4C19275FA52B00E73330 /* UserCount.swift in Sources */ = {isa = PBXBuildFile; fileRef = 200A4C18275FA52B00E73330 /* UserCount.swift */; };
		206878E12760EFC80081849A /* UserStatistics.swift in Sources */ = {isa = PBXBuildFile; fileRef = 206878E02760EFC80081849A /* UserStatistics.swift */; };
		206878E32760EFFD0081849A /* HabitCount.swift in Sources */ = {isa = PBXBuildFile; fileRef = 206878E22760EFFD0081849A /* HabitCount.swift */; };
		2087426D2754F47100DF3614 /* AppDelegate.swift in Sources */ = {isa = PBXBuildFile; fileRef = 2087426C2754F47100DF3614 /* AppDelegate.swift */; };
		2087426F2754F47100DF3614 /* SceneDelegate.swift in Sources */ = {isa = PBXBuildFile; fileRef = 2087426E2754F47100DF3614 /* SceneDelegate.swift */; };
		208742742754F47100DF3614 /* Main.storyboard in Resources */ = {isa = PBXBuildFile; fileRef = 208742722754F47100DF3614 /* Main.storyboard */; };
		208742762754F47500DF3614 /* Assets.xcassets in Resources */ = {isa = PBXBuildFile; fileRef = 208742752754F47500DF3614 /* Assets.xcassets */; };
		208742792754F47500DF3614 /* LaunchScreen.storyboard in Resources */ = {isa = PBXBuildFile; fileRef = 208742772754F47500DF3614 /* LaunchScreen.storyboard */; };
		2087429D2754FD6A00DF3614 /* HomeCollectionViewController.swift in Sources */ = {isa = PBXBuildFile; fileRef = 2087429C2754FD6A00DF3614 /* HomeCollectionViewController.swift */; };
		208742A02754FD8200DF3614 /* HabitCollectionViewController.swift in Sources */ = {isa = PBXBuildFile; fileRef = 2087429F2754FD8200DF3614 /* HabitCollectionViewController.swift */; };
		208742A22754FD8D00DF3614 /* UserCollectionViewController.swift in Sources */ = {isa = PBXBuildFile; fileRef = 208742A12754FD8D00DF3614 /* UserCollectionViewController.swift */; };
		208742A42754FDA000DF3614 /* LogHabitCollectionViewController.swift in Sources */ = {isa = PBXBuildFile; fileRef = 208742A32754FDA000DF3614 /* LogHabitCollectionViewController.swift */; };
		208742A62754FEB500DF3614 /* HabitDetailedViewController.swift in Sources */ = {isa = PBXBuildFile; fileRef = 208742A52754FEB500DF3614 /* HabitDetailedViewController.swift */; };
		208742A82754FEC500DF3614 /* UserDetailedViewController.swift in Sources */ = {isa = PBXBuildFile; fileRef = 208742A72754FEC500DF3614 /* UserDetailedViewController.swift */; };
		208742AF27550FE700DF3614 /* Habit.swift in Sources */ = {isa = PBXBuildFile; fileRef = 208742AE27550FE700DF3614 /* Habit.swift */; };
		208742B22755121800DF3614 /* APIRequest.swift in Sources */ = {isa = PBXBuildFile; fileRef = 208742B12755121800DF3614 /* APIRequest.swift */; };
		208742B427551D8F00DF3614 /* APIService.swift in Sources */ = {isa = PBXBuildFile; fileRef = 208742B327551D8F00DF3614 /* APIService.swift */; };
		208742B72755236300DF3614 /* PrimarySecondaryTextCollectionViewCell.swift in Sources */ = {isa = PBXBuildFile; fileRef = 208742B62755236300DF3614 /* PrimarySecondaryTextCollectionViewCell.swift */; };
		208742BA27552C7800DF3614 /* Category.swift in Sources */ = {isa = PBXBuildFile; fileRef = 208742B927552C7800DF3614 /* Category.swift */; };
		208742BC2756391100DF3614 /* Color.swift in Sources */ = {isa = PBXBuildFile; fileRef = 208742BB2756391100DF3614 /* Color.swift */; };
		20C4E4A527676B75009F8378 /* LoggedHabit.swift in Sources */ = {isa = PBXBuildFile; fileRef = 20C4E4A427676B75009F8378 /* LoggedHabit.swift */; };
		20C4E4A727677C8A009F8378 /* LeaderboardhabitCollectionViewCell.swift in Sources */ = {isa = PBXBuildFile; fileRef = 20C4E4A627677C8A009F8378 /* LeaderboardhabitCollectionViewCell.swift */; };
		20D20490275A3DD200AA2226 /* habits.json in Resources */ = {isa = PBXBuildFile; fileRef = 20D2048F275A3DD100AA2226 /* habits.json */; };
		20D20494275E293400AA2226 /* Settings.swift in Sources */ = {isa = PBXBuildFile; fileRef = 20D20493275E293400AA2226 /* Settings.swift */; };
		20D20496275E331300AA2226 /* UICollectionViewDiffableDataSource+ViewModel.swift in Sources */ = {isa = PBXBuildFile; fileRef = 20D20495275E331300AA2226 /* UICollectionViewDiffableDataSource+ViewModel.swift */; };
		20D20498275E4D7A00AA2226 /* NamedSectionHeaderView.swift in Sources */ = {isa = PBXBuildFile; fileRef = 20D20497275E4D7A00AA2226 /* NamedSectionHeaderView.swift */; };
		20EF7BA527639BC600D6996C /* habitLeadingStats1.json in Resources */ = {isa = PBXBuildFile; fileRef = 20EF7BA427639BC600D6996C /* habitLeadingStats1.json */; };
		20EF7BA727639BFD00D6996C /* habitLeadingStats2.json in Resources */ = {isa = PBXBuildFile; fileRef = 20EF7BA627639BFD00D6996C /* habitLeadingStats2.json */; };
		20EF7BA927639C0F00D6996C /* habitLeadingStats3.json in Resources */ = {isa = PBXBuildFile; fileRef = 20EF7BA827639C0F00D6996C /* habitLeadingStats3.json */; };
		20EF7BAF27639C3C00D6996C /* habitLeadingStats4.json in Resources */ = {isa = PBXBuildFile; fileRef = 20EF7BAE27639C3C00D6996C /* habitLeadingStats4.json */; };
		20EF7BB127639C5400D6996C /* habitLeadingStats0.json in Resources */ = {isa = PBXBuildFile; fileRef = 20EF7BB027639C5400D6996C /* habitLeadingStats0.json */; };
		20EF7BB327639E6800D6996C /* userStats0.json in Resources */ = {isa = PBXBuildFile; fileRef = 20EF7BB227639E6800D6996C /* userStats0.json */; };
		20EF7BB527639E7400D6996C /* userStats1.json in Resources */ = {isa = PBXBuildFile; fileRef = 20EF7BB427639E7400D6996C /* userStats1.json */; };
		20EF7BB727639E7E00D6996C /* userStats2.json in Resources */ = {isa = PBXBuildFile; fileRef = 20EF7BB627639E7E00D6996C /* userStats2.json */; };
		20EF7BB927639E8C00D6996C /* userStats3.json in Resources */ = {isa = PBXBuildFile; fileRef = 20EF7BB827639E8C00D6996C /* userStats3.json */; };
		20EF7BBB27639E9B00D6996C /* userStats4.json in Resources */ = {isa = PBXBuildFile; fileRef = 20EF7BBA27639E9B00D6996C /* userStats4.json */; };
		20EF7BBD2763A02900D6996C /* userStats.swift in Sources */ = {isa = PBXBuildFile; fileRef = 20EF7BBC2763A02900D6996C /* userStats.swift */; };
		20EF7BBF2763A05B00D6996C /* userLeadingStats.swift in Sources */ = {isa = PBXBuildFile; fileRef = 20EF7BBE2763A05B00D6996C /* userLeadingStats.swift */; };
		20EF7BC22763A0CD00D6996C /* habitsMusicStats.swift in Sources */ = {isa = PBXBuildFile; fileRef = 20EF7BC12763A0CD00D6996C /* habitsMusicStats.swift */; };
		20EF7BC42763A0FA00D6996C /* habitMusicStats0.json in Resources */ = {isa = PBXBuildFile; fileRef = 20EF7BC32763A0FA00D6996C /* habitMusicStats0.json */; };
		20EF7BC62763A10500D6996C /* habitMusicStats1.json in Resources */ = {isa = PBXBuildFile; fileRef = 20EF7BC52763A10500D6996C /* habitMusicStats1.json */; };
		20EF7BC82763A10E00D6996C /* habitMusicStats2.json in Resources */ = {isa = PBXBuildFile; fileRef = 20EF7BC72763A10E00D6996C /* habitMusicStats2.json */; };
		20EF7BCA2763A11A00D6996C /* habitMusicStats3.json in Resources */ = {isa = PBXBuildFile; fileRef = 20EF7BC92763A11A00D6996C /* habitMusicStats3.json */; };
		20EF7BCC2763A12300D6996C /* habitMusicStats4.json in Resources */ = {isa = PBXBuildFile; fileRef = 20EF7BCB2763A12300D6996C /* habitMusicStats4.json */; };
		20F966B02768ACE000F6B88D /* CombinedStatistics.swift in Sources */ = {isa = PBXBuildFile; fileRef = 20F966AF2768ACE000F6B88D /* CombinedStatistics.swift */; };
/* End PBXBuildFile section */

/* Begin PBXContainerItemProxy section */
		208742802754F47600DF3614 /* PBXContainerItemProxy */ = {
			isa = PBXContainerItemProxy;
			containerPortal = 208742612754F47100DF3614 /* Project object */;
			proxyType = 1;
			remoteGlobalIDString = 208742682754F47100DF3614;
			remoteInfo = Habits;
		};
		2087428A2754F47600DF3614 /* PBXContainerItemProxy */ = {
			isa = PBXContainerItemProxy;
			containerPortal = 208742612754F47100DF3614 /* Project object */;
			proxyType = 1;
			remoteGlobalIDString = 208742682754F47100DF3614;
			remoteInfo = Habits;
		};
/* End PBXContainerItemProxy section */

/* Begin PBXFileReference section */
		200A4C0E275F77EB00E73330 /* User.swift */ = {isa = PBXFileReference; lastKnownFileType = sourcecode.swift; path = User.swift; sourceTree = "<group>"; };
		200A4C12275F813100E73330 /* users.json */ = {isa = PBXFileReference; lastKnownFileType = text.json; path = users.json; sourceTree = "<group>"; };
		200A4C16275FA4CA00E73330 /* HabitStatistics.swift */ = {isa = PBXFileReference; lastKnownFileType = sourcecode.swift; path = HabitStatistics.swift; sourceTree = "<group>"; };
		200A4C18275FA52B00E73330 /* UserCount.swift */ = {isa = PBXFileReference; lastKnownFileType = sourcecode.swift; path = UserCount.swift; sourceTree = "<group>"; };
		206878E02760EFC80081849A /* UserStatistics.swift */ = {isa = PBXFileReference; lastKnownFileType = sourcecode.swift; path = UserStatistics.swift; sourceTree = "<group>"; };
		206878E22760EFFD0081849A /* HabitCount.swift */ = {isa = PBXFileReference; lastKnownFileType = sourcecode.swift; path = HabitCount.swift; sourceTree = "<group>"; };
		208742692754F47100DF3614 /* Habits.app */ = {isa = PBXFileReference; explicitFileType = wrapper.application; includeInIndex = 0; path = Habits.app; sourceTree = BUILT_PRODUCTS_DIR; };
		2087426C2754F47100DF3614 /* AppDelegate.swift */ = {isa = PBXFileReference; lastKnownFileType = sourcecode.swift; path = AppDelegate.swift; sourceTree = "<group>"; };
		2087426E2754F47100DF3614 /* SceneDelegate.swift */ = {isa = PBXFileReference; lastKnownFileType = sourcecode.swift; path = SceneDelegate.swift; sourceTree = "<group>"; };
		208742732754F47100DF3614 /* Base */ = {isa = PBXFileReference; lastKnownFileType = file.storyboard; name = Base; path = Base.lproj/Main.storyboard; sourceTree = "<group>"; };
		208742752754F47500DF3614 /* Assets.xcassets */ = {isa = PBXFileReference; lastKnownFileType = folder.assetcatalog; path = Assets.xcassets; sourceTree = "<group>"; };
		208742782754F47500DF3614 /* Base */ = {isa = PBXFileReference; lastKnownFileType = file.storyboard; name = Base; path = Base.lproj/LaunchScreen.storyboard; sourceTree = "<group>"; };
		2087427A2754F47500DF3614 /* Info.plist */ = {isa = PBXFileReference; lastKnownFileType = text.plist.xml; path = Info.plist; sourceTree = "<group>"; };
		2087427F2754F47600DF3614 /* HabitsTests.xctest */ = {isa = PBXFileReference; explicitFileType = wrapper.cfbundle; includeInIndex = 0; path = HabitsTests.xctest; sourceTree = BUILT_PRODUCTS_DIR; };
		208742892754F47600DF3614 /* HabitsUITests.xctest */ = {isa = PBXFileReference; explicitFileType = wrapper.cfbundle; includeInIndex = 0; path = HabitsUITests.xctest; sourceTree = BUILT_PRODUCTS_DIR; };
		2087429C2754FD6A00DF3614 /* HomeCollectionViewController.swift */ = {isa = PBXFileReference; lastKnownFileType = sourcecode.swift; path = HomeCollectionViewController.swift; sourceTree = "<group>"; };
		2087429F2754FD8200DF3614 /* HabitCollectionViewController.swift */ = {isa = PBXFileReference; lastKnownFileType = sourcecode.swift; path = HabitCollectionViewController.swift; sourceTree = "<group>"; };
		208742A12754FD8D00DF3614 /* UserCollectionViewController.swift */ = {isa = PBXFileReference; lastKnownFileType = sourcecode.swift; path = UserCollectionViewController.swift; sourceTree = "<group>"; };
		208742A32754FDA000DF3614 /* LogHabitCollectionViewController.swift */ = {isa = PBXFileReference; lastKnownFileType = sourcecode.swift; path = LogHabitCollectionViewController.swift; sourceTree = "<group>"; };
		208742A52754FEB500DF3614 /* HabitDetailedViewController.swift */ = {isa = PBXFileReference; lastKnownFileType = sourcecode.swift; path = HabitDetailedViewController.swift; sourceTree = "<group>"; };
		208742A72754FEC500DF3614 /* UserDetailedViewController.swift */ = {isa = PBXFileReference; lastKnownFileType = sourcecode.swift; path = UserDetailedViewController.swift; sourceTree = "<group>"; };
		208742AE27550FE700DF3614 /* Habit.swift */ = {isa = PBXFileReference; lastKnownFileType = sourcecode.swift; path = Habit.swift; sourceTree = "<group>"; };
		208742B12755121800DF3614 /* APIRequest.swift */ = {isa = PBXFileReference; lastKnownFileType = sourcecode.swift; path = APIRequest.swift; sourceTree = "<group>"; };
		208742B327551D8F00DF3614 /* APIService.swift */ = {isa = PBXFileReference; lastKnownFileType = sourcecode.swift; path = APIService.swift; sourceTree = "<group>"; };
		208742B62755236300DF3614 /* PrimarySecondaryTextCollectionViewCell.swift */ = {isa = PBXFileReference; lastKnownFileType = sourcecode.swift; path = PrimarySecondaryTextCollectionViewCell.swift; sourceTree = "<group>"; };
		208742B927552C7800DF3614 /* Category.swift */ = {isa = PBXFileReference; lastKnownFileType = sourcecode.swift; path = Category.swift; sourceTree = "<group>"; };
		208742BB2756391100DF3614 /* Color.swift */ = {isa = PBXFileReference; lastKnownFileType = sourcecode.swift; path = Color.swift; sourceTree = "<group>"; };
		20C4E4A427676B75009F8378 /* LoggedHabit.swift */ = {isa = PBXFileReference; lastKnownFileType = sourcecode.swift; path = LoggedHabit.swift; sourceTree = "<group>"; };
		20C4E4A627677C8A009F8378 /* LeaderboardhabitCollectionViewCell.swift */ = {isa = PBXFileReference; lastKnownFileType = sourcecode.swift; path = LeaderboardhabitCollectionViewCell.swift; sourceTree = "<group>"; };
		20D2048F275A3DD100AA2226 /* habits.json */ = {isa = PBXFileReference; fileEncoding = 4; lastKnownFileType = text.json; path = habits.json; sourceTree = "<group>"; };
		20D20493275E293400AA2226 /* Settings.swift */ = {isa = PBXFileReference; lastKnownFileType = sourcecode.swift; path = Settings.swift; sourceTree = "<group>"; };
		20D20495275E331300AA2226 /* UICollectionViewDiffableDataSource+ViewModel.swift */ = {isa = PBXFileReference; lastKnownFileType = sourcecode.swift; path = "UICollectionViewDiffableDataSource+ViewModel.swift"; sourceTree = "<group>"; };
		20D20497275E4D7A00AA2226 /* NamedSectionHeaderView.swift */ = {isa = PBXFileReference; lastKnownFileType = sourcecode.swift; path = NamedSectionHeaderView.swift; sourceTree = "<group>"; };
		20EF7BA427639BC600D6996C /* habitLeadingStats1.json */ = {isa = PBXFileReference; lastKnownFileType = text.json; path = habitLeadingStats1.json; sourceTree = "<group>"; };
		20EF7BA627639BFD00D6996C /* habitLeadingStats2.json */ = {isa = PBXFileReference; lastKnownFileType = text.json; path = habitLeadingStats2.json; sourceTree = "<group>"; };
		20EF7BA827639C0F00D6996C /* habitLeadingStats3.json */ = {isa = PBXFileReference; lastKnownFileType = text.json; path = habitLeadingStats3.json; sourceTree = "<group>"; };
		20EF7BAE27639C3C00D6996C /* habitLeadingStats4.json */ = {isa = PBXFileReference; lastKnownFileType = text.json; path = habitLeadingStats4.json; sourceTree = "<group>"; };
		20EF7BB027639C5400D6996C /* habitLeadingStats0.json */ = {isa = PBXFileReference; lastKnownFileType = text.json; path = habitLeadingStats0.json; sourceTree = "<group>"; };
		20EF7BB227639E6800D6996C /* userStats0.json */ = {isa = PBXFileReference; lastKnownFileType = text.json; path = userStats0.json; sourceTree = "<group>"; };
		20EF7BB427639E7400D6996C /* userStats1.json */ = {isa = PBXFileReference; lastKnownFileType = text.json; path = userStats1.json; sourceTree = "<group>"; };
		20EF7BB627639E7E00D6996C /* userStats2.json */ = {isa = PBXFileReference; lastKnownFileType = text.json; path = userStats2.json; sourceTree = "<group>"; };
		20EF7BB827639E8C00D6996C /* userStats3.json */ = {isa = PBXFileReference; lastKnownFileType = text.json; path = userStats3.json; sourceTree = "<group>"; };
		20EF7BBA27639E9B00D6996C /* userStats4.json */ = {isa = PBXFileReference; lastKnownFileType = text.json; path = userStats4.json; sourceTree = "<group>"; };
		20EF7BBC2763A02900D6996C /* userStats.swift */ = {isa = PBXFileReference; lastKnownFileType = sourcecode.swift; path = userStats.swift; sourceTree = "<group>"; };
		20EF7BBE2763A05B00D6996C /* userLeadingStats.swift */ = {isa = PBXFileReference; lastKnownFileType = sourcecode.swift; path = userLeadingStats.swift; sourceTree = "<group>"; };
		20EF7BC12763A0CD00D6996C /* habitsMusicStats.swift */ = {isa = PBXFileReference; lastKnownFileType = sourcecode.swift; path = habitsMusicStats.swift; sourceTree = "<group>"; };
		20EF7BC32763A0FA00D6996C /* habitMusicStats0.json */ = {isa = PBXFileReference; lastKnownFileType = text.json; path = habitMusicStats0.json; sourceTree = "<group>"; };
		20EF7BC52763A10500D6996C /* habitMusicStats1.json */ = {isa = PBXFileReference; lastKnownFileType = text.json; path = habitMusicStats1.json; sourceTree = "<group>"; };
		20EF7BC72763A10E00D6996C /* habitMusicStats2.json */ = {isa = PBXFileReference; lastKnownFileType = text.json; path = habitMusicStats2.json; sourceTree = "<group>"; };
		20EF7BC92763A11A00D6996C /* habitMusicStats3.json */ = {isa = PBXFileReference; lastKnownFileType = text.json; path = habitMusicStats3.json; sourceTree = "<group>"; };
		20EF7BCB2763A12300D6996C /* habitMusicStats4.json */ = {isa = PBXFileReference; lastKnownFileType = text.json; path = habitMusicStats4.json; sourceTree = "<group>"; };
		20F966AF2768ACE000F6B88D /* CombinedStatistics.swift */ = {isa = PBXFileReference; lastKnownFileType = sourcecode.swift; path = CombinedStatistics.swift; sourceTree = "<group>"; };
/* End PBXFileReference section */

/* Begin PBXFrameworksBuildPhase section */
		208742662754F47100DF3614 /* Frameworks */ = {
			isa = PBXFrameworksBuildPhase;
			buildActionMask = 2147483647;
			files = (
			);
			runOnlyForDeploymentPostprocessing = 0;
		};
		2087427C2754F47600DF3614 /* Frameworks */ = {
			isa = PBXFrameworksBuildPhase;
			buildActionMask = 2147483647;
			files = (
			);
			runOnlyForDeploymentPostprocessing = 0;
		};
		208742862754F47600DF3614 /* Frameworks */ = {
			isa = PBXFrameworksBuildPhase;
			buildActionMask = 2147483647;
			files = (
			);
			runOnlyForDeploymentPostprocessing = 0;
		};
/* End PBXFrameworksBuildPhase section */

/* Begin PBXGroup section */
		208742602754F47100DF3614 = {
			isa = PBXGroup;
			children = (
				2087426B2754F47100DF3614 /* Habits */,
				2087426A2754F47100DF3614 /* Products */,
			);
			sourceTree = "<group>";
		};
		2087426A2754F47100DF3614 /* Products */ = {
			isa = PBXGroup;
			children = (
				208742692754F47100DF3614 /* Habits.app */,
				2087427F2754F47600DF3614 /* HabitsTests.xctest */,
				208742892754F47600DF3614 /* HabitsUITests.xctest */,
			);
			name = Products;
			sourceTree = "<group>";
		};
		2087426B2754F47100DF3614 /* Habits */ = {
			isa = PBXGroup;
			children = (
				2087426C2754F47100DF3614 /* AppDelegate.swift */,
				2087426E2754F47100DF3614 /* SceneDelegate.swift */,
				208742B0275511F800DF3614 /* Networking */,
				208742AC27550F9B00DF3614 /* Model */,
				208742B8275526E100DF3614 /* View Model */,
				208742AD27550FB200DF3614 /* View */,
				2087429E2754FD7000DF3614 /* Controller */,
				208742752754F47500DF3614 /* Assets.xcassets */,
				2087427A2754F47500DF3614 /* Info.plist */,
				20D20493275E293400AA2226 /* Settings.swift */,
			);
			path = Habits;
			sourceTree = "<group>";
		};
		2087429E2754FD7000DF3614 /* Controller */ = {
			isa = PBXGroup;
			children = (
				208742B52755233100DF3614 /* Cell View Controllers */,
				208742A92754FEC900DF3614 /* Collection View Controllers */,
				208742AB2754FEE700DF3614 /* Detailed View Conrollers */,
			);
			path = Controller;
			sourceTree = "<group>";
		};
		208742A92754FEC900DF3614 /* Collection View Controllers */ = {
			isa = PBXGroup;
			children = (
				20D20497275E4D7A00AA2226 /* NamedSectionHeaderView.swift */,
				20D20495275E331300AA2226 /* UICollectionViewDiffableDataSource+ViewModel.swift */,
				2087429F2754FD8200DF3614 /* HabitCollectionViewController.swift */,
				208742A12754FD8D00DF3614 /* UserCollectionViewController.swift */,
				208742A32754FDA000DF3614 /* LogHabitCollectionViewController.swift */,
				2087429C2754FD6A00DF3614 /* HomeCollectionViewController.swift */,
			);
			path = "Collection View Controllers";
			sourceTree = "<group>";
		};
		208742AB2754FEE700DF3614 /* Detailed View Conrollers */ = {
			isa = PBXGroup;
			children = (
				208742A52754FEB500DF3614 /* HabitDetailedViewController.swift */,
				208742A72754FEC500DF3614 /* UserDetailedViewController.swift */,
			);
			path = "Detailed View Conrollers";
			sourceTree = "<group>";
		};
		208742AC27550F9B00DF3614 /* Model */ = {
			isa = PBXGroup;
			children = (
				208742AE27550FE700DF3614 /* Habit.swift */,
				208742B927552C7800DF3614 /* Category.swift */,
				208742BB2756391100DF3614 /* Color.swift */,
				200A4C0E275F77EB00E73330 /* User.swift */,
				200A4C16275FA4CA00E73330 /* HabitStatistics.swift */,
				200A4C18275FA52B00E73330 /* UserCount.swift */,
				206878E02760EFC80081849A /* UserStatistics.swift */,
				206878E22760EFFD0081849A /* HabitCount.swift */,
				20C4E4A427676B75009F8378 /* LoggedHabit.swift */,
				20F966AF2768ACE000F6B88D /* CombinedStatistics.swift */,
			);
			path = Model;
			sourceTree = "<group>";
		};
		208742AD27550FB200DF3614 /* View */ = {
			isa = PBXGroup;
			children = (
				208742772754F47500DF3614 /* LaunchScreen.storyboard */,
				208742722754F47100DF3614 /* Main.storyboard */,
			);
			path = View;
			sourceTree = "<group>";
		};
		208742B0275511F800DF3614 /* Networking */ = {
			isa = PBXGroup;
			children = (
				20D2048F275A3DD100AA2226 /* habits.json */,
				200A4C12275F813100E73330 /* users.json */,
				20EF7BC02763A09100D6996C /* Habits Music Simulation Files */,
				20EF7BA127639B0E00D6996C /* User Stats Simulation Files */,
				208742B12755121800DF3614 /* APIRequest.swift */,
				208742B327551D8F00DF3614 /* APIService.swift */,
			);
			path = Networking;
			sourceTree = "<group>";
		};
		208742B52755233100DF3614 /* Cell View Controllers */ = {
			isa = PBXGroup;
			children = (
				208742B62755236300DF3614 /* PrimarySecondaryTextCollectionViewCell.swift */,
				20C4E4A627677C8A009F8378 /* LeaderboardhabitCollectionViewCell.swift */,
			);
			path = "Cell View Controllers";
			sourceTree = "<group>";
		};
		208742B8275526E100DF3614 /* View Model */ = {
			isa = PBXGroup;
			children = (
			);
			path = "View Model";
			sourceTree = "<group>";
		};
		20EF7BA127639B0E00D6996C /* User Stats Simulation Files */ = {
			isa = PBXGroup;
			children = (
				20EF7BA327639B5600D6996C /* User 4 Leading Stats update Files */,
				20EF7BA227639B2A00D6996C /* User 4 Stats Update Files */,
			);
			path = "User Stats Simulation Files";
			sourceTree = "<group>";
		};
		20EF7BA227639B2A00D6996C /* User 4 Stats Update Files */ = {
			isa = PBXGroup;
			children = (
				20EF7BBC2763A02900D6996C /* userStats.swift */,
				20EF7BB227639E6800D6996C /* userStats0.json */,
				20EF7BB427639E7400D6996C /* userStats1.json */,
				20EF7BB627639E7E00D6996C /* userStats2.json */,
				20EF7BB827639E8C00D6996C /* userStats3.json */,
				20EF7BBA27639E9B00D6996C /* userStats4.json */,
			);
			path = "User 4 Stats Update Files";
			sourceTree = "<group>";
		};
		20EF7BA327639B5600D6996C /* User 4 Leading Stats update Files */ = {
			isa = PBXGroup;
			children = (
				20EF7BBE2763A05B00D6996C /* userLeadingStats.swift */,
				20EF7BB027639C5400D6996C /* habitLeadingStats0.json */,
				20EF7BA427639BC600D6996C /* habitLeadingStats1.json */,
				20EF7BA627639BFD00D6996C /* habitLeadingStats2.json */,
				20EF7BA827639C0F00D6996C /* habitLeadingStats3.json */,
				20EF7BAE27639C3C00D6996C /* habitLeadingStats4.json */,
			);
			path = "User 4 Leading Stats update Files";
			sourceTree = "<group>";
		};
		20EF7BC02763A09100D6996C /* Habits Music Simulation Files */ = {
			isa = PBXGroup;
			children = (
				20EF7BC12763A0CD00D6996C /* habitsMusicStats.swift */,
				20EF7BC32763A0FA00D6996C /* habitMusicStats0.json */,
				20EF7BC52763A10500D6996C /* habitMusicStats1.json */,
				20EF7BC72763A10E00D6996C /* habitMusicStats2.json */,
				20EF7BC92763A11A00D6996C /* habitMusicStats3.json */,
				20EF7BCB2763A12300D6996C /* habitMusicStats4.json */,
			);
			path = "Habits Music Simulation Files";
			sourceTree = "<group>";
		};
/* End PBXGroup section */

/* Begin PBXNativeTarget section */
		208742682754F47100DF3614 /* Habits */ = {
			isa = PBXNativeTarget;
			buildConfigurationList = 208742932754F47600DF3614 /* Build configuration list for PBXNativeTarget "Habits" */;
			buildPhases = (
				208742652754F47100DF3614 /* Sources */,
				208742662754F47100DF3614 /* Frameworks */,
				208742672754F47100DF3614 /* Resources */,
			);
			buildRules = (
			);
			dependencies = (
			);
			name = Habits;
			productName = Habits;
			productReference = 208742692754F47100DF3614 /* Habits.app */;
			productType = "com.apple.product-type.application";
		};
		2087427E2754F47600DF3614 /* HabitsTests */ = {
			isa = PBXNativeTarget;
			buildConfigurationList = 208742962754F47600DF3614 /* Build configuration list for PBXNativeTarget "HabitsTests" */;
			buildPhases = (
				2087427B2754F47600DF3614 /* Sources */,
				2087427C2754F47600DF3614 /* Frameworks */,
				2087427D2754F47600DF3614 /* Resources */,
			);
			buildRules = (
			);
			dependencies = (
				208742812754F47600DF3614 /* PBXTargetDependency */,
			);
			name = HabitsTests;
			productName = HabitsTests;
			productReference = 2087427F2754F47600DF3614 /* HabitsTests.xctest */;
			productType = "com.apple.product-type.bundle.unit-test";
		};
		208742882754F47600DF3614 /* HabitsUITests */ = {
			isa = PBXNativeTarget;
			buildConfigurationList = 208742992754F47600DF3614 /* Build configuration list for PBXNativeTarget "HabitsUITests" */;
			buildPhases = (
				208742852754F47600DF3614 /* Sources */,
				208742862754F47600DF3614 /* Frameworks */,
				208742872754F47600DF3614 /* Resources */,
			);
			buildRules = (
			);
			dependencies = (
				2087428B2754F47600DF3614 /* PBXTargetDependency */,
			);
			name = HabitsUITests;
			productName = HabitsUITests;
			productReference = 208742892754F47600DF3614 /* HabitsUITests.xctest */;
			productType = "com.apple.product-type.bundle.ui-testing";
		};
/* End PBXNativeTarget section */

/* Begin PBXProject section */
		208742612754F47100DF3614 /* Project object */ = {
			isa = PBXProject;
			attributes = {
				BuildIndependentTargetsInParallel = 1;
				LastSwiftUpdateCheck = 1310;
				LastUpgradeCheck = 1310;
				TargetAttributes = {
					208742682754F47100DF3614 = {
						CreatedOnToolsVersion = 13.1;
					};
					2087427E2754F47600DF3614 = {
						CreatedOnToolsVersion = 13.1;
						TestTargetID = 208742682754F47100DF3614;
					};
					208742882754F47600DF3614 = {
						CreatedOnToolsVersion = 13.1;
						TestTargetID = 208742682754F47100DF3614;
					};
				};
			};
			buildConfigurationList = 208742642754F47100DF3614 /* Build configuration list for PBXProject "Habits" */;
			compatibilityVersion = "Xcode 13.0";
			developmentRegion = en;
			hasScannedForEncodings = 0;
			knownRegions = (
				en,
				Base,
			);
			mainGroup = 208742602754F47100DF3614;
			productRefGroup = 2087426A2754F47100DF3614 /* Products */;
			projectDirPath = "";
			projectRoot = "";
			targets = (
				208742682754F47100DF3614 /* Habits */,
				2087427E2754F47600DF3614 /* HabitsTests */,
				208742882754F47600DF3614 /* HabitsUITests */,
			);
		};
/* End PBXProject section */

/* Begin PBXResourcesBuildPhase section */
		208742672754F47100DF3614 /* Resources */ = {
			isa = PBXResourcesBuildPhase;
			buildActionMask = 2147483647;
			files = (
				20EF7BC62763A10500D6996C /* habitMusicStats1.json in Resources */,
				200A4C13275F813100E73330 /* users.json in Resources */,
				20EF7BB327639E6800D6996C /* userStats0.json in Resources */,
				208742792754F47500DF3614 /* LaunchScreen.storyboard in Resources */,
				20EF7BA727639BFD00D6996C /* habitLeadingStats2.json in Resources */,
				208742762754F47500DF3614 /* Assets.xcassets in Resources */,
				20EF7BCC2763A12300D6996C /* habitMusicStats4.json in Resources */,
				20EF7BAF27639C3C00D6996C /* habitLeadingStats4.json in Resources */,
				20EF7BC82763A10E00D6996C /* habitMusicStats2.json in Resources */,
				20EF7BCA2763A11A00D6996C /* habitMusicStats3.json in Resources */,
				20EF7BB727639E7E00D6996C /* userStats2.json in Resources */,
				20D20490275A3DD200AA2226 /* habits.json in Resources */,
				20EF7BC42763A0FA00D6996C /* habitMusicStats0.json in Resources */,
				20EF7BA527639BC600D6996C /* habitLeadingStats1.json in Resources */,
				208742742754F47100DF3614 /* Main.storyboard in Resources */,
				20EF7BB927639E8C00D6996C /* userStats3.json in Resources */,
				20EF7BB527639E7400D6996C /* userStats1.json in Resources */,
				20EF7BA927639C0F00D6996C /* habitLeadingStats3.json in Resources */,
				20EF7BB127639C5400D6996C /* habitLeadingStats0.json in Resources */,
				20EF7BBB27639E9B00D6996C /* userStats4.json in Resources */,
			);
			runOnlyForDeploymentPostprocessing = 0;
		};
		2087427D2754F47600DF3614 /* Resources */ = {
			isa = PBXResourcesBuildPhase;
			buildActionMask = 2147483647;
			files = (
			);
			runOnlyForDeploymentPostprocessing = 0;
		};
		208742872754F47600DF3614 /* Resources */ = {
			isa = PBXResourcesBuildPhase;
			buildActionMask = 2147483647;
			files = (
			);
			runOnlyForDeploymentPostprocessing = 0;
		};
/* End PBXResourcesBuildPhase section */

/* Begin PBXSourcesBuildPhase section */
		208742652754F47100DF3614 /* Sources */ = {
			isa = PBXSourcesBuildPhase;
			buildActionMask = 2147483647;
			files = (
				2087429D2754FD6A00DF3614 /* HomeCollectionViewController.swift in Sources */,
				20D20496275E331300AA2226 /* UICollectionViewDiffableDataSource+ViewModel.swift in Sources */,
				20D20498275E4D7A00AA2226 /* NamedSectionHeaderView.swift in Sources */,
				208742A22754FD8D00DF3614 /* UserCollectionViewController.swift in Sources */,
				208742A82754FEC500DF3614 /* UserDetailedViewController.swift in Sources */,
				208742B72755236300DF3614 /* PrimarySecondaryTextCollectionViewCell.swift in Sources */,
				208742A62754FEB500DF3614 /* HabitDetailedViewController.swift in Sources */,
				20EF7BBD2763A02900D6996C /* userStats.swift in Sources */,
				20EF7BC22763A0CD00D6996C /* habitsMusicStats.swift in Sources */,
				208742B427551D8F00DF3614 /* APIService.swift in Sources */,
				208742A02754FD8200DF3614 /* HabitCollectionViewController.swift in Sources */,
				2087426D2754F47100DF3614 /* AppDelegate.swift in Sources */,
				20EF7BBF2763A05B00D6996C /* userLeadingStats.swift in Sources */,
				200A4C19275FA52B00E73330 /* UserCount.swift in Sources */,
				20C4E4A527676B75009F8378 /* LoggedHabit.swift in Sources */,
				208742AF27550FE700DF3614 /* Habit.swift in Sources */,
				20D20494275E293400AA2226 /* Settings.swift in Sources */,
				206878E12760EFC80081849A /* UserStatistics.swift in Sources */,
				206878E32760EFFD0081849A /* HabitCount.swift in Sources */,
				208742BC2756391100DF3614 /* Color.swift in Sources */,
				208742BA27552C7800DF3614 /* Category.swift in Sources */,
				200A4C0F275F77EB00E73330 /* User.swift in Sources */,
				208742A42754FDA000DF3614 /* LogHabitCollectionViewController.swift in Sources */,
				20F966B02768ACE000F6B88D /* CombinedStatistics.swift in Sources */,
				200A4C17275FA4CA00E73330 /* HabitStatistics.swift in Sources */,
				20C4E4A727677C8A009F8378 /* LeaderboardhabitCollectionViewCell.swift in Sources */,
				208742B22755121800DF3614 /* APIRequest.swift in Sources */,
				2087426F2754F47100DF3614 /* SceneDelegate.swift in Sources */,
			);
			runOnlyForDeploymentPostprocessing = 0;
		};
		2087427B2754F47600DF3614 /* Sources */ = {
			isa = PBXSourcesBuildPhase;
			buildActionMask = 2147483647;
			files = (
			);
			runOnlyForDeploymentPostprocessing = 0;
		};
		208742852754F47600DF3614 /* Sources */ = {
			isa = PBXSourcesBuildPhase;
			buildActionMask = 2147483647;
			files = (
			);
			runOnlyForDeploymentPostprocessing = 0;
		};
/* End PBXSourcesBuildPhase section */

/* Begin PBXTargetDependency section */
		208742812754F47600DF3614 /* PBXTargetDependency */ = {
			isa = PBXTargetDependency;
			target = 208742682754F47100DF3614 /* Habits */;
			targetProxy = 208742802754F47600DF3614 /* PBXContainerItemProxy */;
		};
		2087428B2754F47600DF3614 /* PBXTargetDependency */ = {
			isa = PBXTargetDependency;
			target = 208742682754F47100DF3614 /* Habits */;
			targetProxy = 2087428A2754F47600DF3614 /* PBXContainerItemProxy */;
		};
/* End PBXTargetDependency section */

/* Begin PBXVariantGroup section */
		208742722754F47100DF3614 /* Main.storyboard */ = {
			isa = PBXVariantGroup;
			children = (
				208742732754F47100DF3614 /* Base */,
			);
			name = Main.storyboard;
			sourceTree = "<group>";
		};
		208742772754F47500DF3614 /* LaunchScreen.storyboard */ = {
			isa = PBXVariantGroup;
			children = (
				208742782754F47500DF3614 /* Base */,
			);
			name = LaunchScreen.storyboard;
			sourceTree = "<group>";
		};
/* End PBXVariantGroup section */

/* Begin XCBuildConfiguration section */
		208742912754F47600DF3614 /* Debug */ = {
			isa = XCBuildConfiguration;
			buildSettings = {
				ALWAYS_SEARCH_USER_PATHS = NO;
				CLANG_ANALYZER_NONNULL = YES;
				CLANG_ANALYZER_NUMBER_OBJECT_CONVERSION = YES_AGGRESSIVE;
				CLANG_CXX_LANGUAGE_STANDARD = "gnu++17";
				CLANG_CXX_LIBRARY = "libc++";
				CLANG_ENABLE_MODULES = YES;
				CLANG_ENABLE_OBJC_ARC = YES;
				CLANG_ENABLE_OBJC_WEAK = YES;
				CLANG_WARN_BLOCK_CAPTURE_AUTORELEASING = YES;
				CLANG_WARN_BOOL_CONVERSION = YES;
				CLANG_WARN_COMMA = YES;
				CLANG_WARN_CONSTANT_CONVERSION = YES;
				CLANG_WARN_DEPRECATED_OBJC_IMPLEMENTATIONS = YES;
				CLANG_WARN_DIRECT_OBJC_ISA_USAGE = YES_ERROR;
				CLANG_WARN_DOCUMENTATION_COMMENTS = YES;
				CLANG_WARN_EMPTY_BODY = YES;
				CLANG_WARN_ENUM_CONVERSION = YES;
				CLANG_WARN_INFINITE_RECURSION = YES;
				CLANG_WARN_INT_CONVERSION = YES;
				CLANG_WARN_NON_LITERAL_NULL_CONVERSION = YES;
				CLANG_WARN_OBJC_IMPLICIT_RETAIN_SELF = YES;
				CLANG_WARN_OBJC_LITERAL_CONVERSION = YES;
				CLANG_WARN_OBJC_ROOT_CLASS = YES_ERROR;
				CLANG_WARN_QUOTED_INCLUDE_IN_FRAMEWORK_HEADER = YES;
				CLANG_WARN_RANGE_LOOP_ANALYSIS = YES;
				CLANG_WARN_STRICT_PROTOTYPES = YES;
				CLANG_WARN_SUSPICIOUS_MOVE = YES;
				CLANG_WARN_UNGUARDED_AVAILABILITY = YES_AGGRESSIVE;
				CLANG_WARN_UNREACHABLE_CODE = YES;
				CLANG_WARN__DUPLICATE_METHOD_MATCH = YES;
				COPY_PHASE_STRIP = NO;
				DEBUG_INFORMATION_FORMAT = dwarf;
				ENABLE_STRICT_OBJC_MSGSEND = YES;
				ENABLE_TESTABILITY = YES;
				GCC_C_LANGUAGE_STANDARD = gnu11;
				GCC_DYNAMIC_NO_PIC = NO;
				GCC_NO_COMMON_BLOCKS = YES;
				GCC_OPTIMIZATION_LEVEL = 0;
				GCC_PREPROCESSOR_DEFINITIONS = (
					"DEBUG=1",
					"$(inherited)",
				);
				GCC_WARN_64_TO_32_BIT_CONVERSION = YES;
				GCC_WARN_ABOUT_RETURN_TYPE = YES_ERROR;
				GCC_WARN_UNDECLARED_SELECTOR = YES;
				GCC_WARN_UNINITIALIZED_AUTOS = YES_AGGRESSIVE;
				GCC_WARN_UNUSED_FUNCTION = YES;
				GCC_WARN_UNUSED_VARIABLE = YES;
				IPHONEOS_DEPLOYMENT_TARGET = 15.0;
				MTL_ENABLE_DEBUG_INFO = INCLUDE_SOURCE;
				MTL_FAST_MATH = YES;
				ONLY_ACTIVE_ARCH = YES;
				SDKROOT = iphoneos;
				SWIFT_ACTIVE_COMPILATION_CONDITIONS = DEBUG;
				SWIFT_OPTIMIZATION_LEVEL = "-Onone";
			};
			name = Debug;
		};
		208742922754F47600DF3614 /* Release */ = {
			isa = XCBuildConfiguration;
			buildSettings = {
				ALWAYS_SEARCH_USER_PATHS = NO;
				CLANG_ANALYZER_NONNULL = YES;
				CLANG_ANALYZER_NUMBER_OBJECT_CONVERSION = YES_AGGRESSIVE;
				CLANG_CXX_LANGUAGE_STANDARD = "gnu++17";
				CLANG_CXX_LIBRARY = "libc++";
				CLANG_ENABLE_MODULES = YES;
				CLANG_ENABLE_OBJC_ARC = YES;
				CLANG_ENABLE_OBJC_WEAK = YES;
				CLANG_WARN_BLOCK_CAPTURE_AUTORELEASING = YES;
				CLANG_WARN_BOOL_CONVERSION = YES;
				CLANG_WARN_COMMA = YES;
				CLANG_WARN_CONSTANT_CONVERSION = YES;
				CLANG_WARN_DEPRECATED_OBJC_IMPLEMENTATIONS = YES;
				CLANG_WARN_DIRECT_OBJC_ISA_USAGE = YES_ERROR;
				CLANG_WARN_DOCUMENTATION_COMMENTS = YES;
				CLANG_WARN_EMPTY_BODY = YES;
				CLANG_WARN_ENUM_CONVERSION = YES;
				CLANG_WARN_INFINITE_RECURSION = YES;
				CLANG_WARN_INT_CONVERSION = YES;
				CLANG_WARN_NON_LITERAL_NULL_CONVERSION = YES;
				CLANG_WARN_OBJC_IMPLICIT_RETAIN_SELF = YES;
				CLANG_WARN_OBJC_LITERAL_CONVERSION = YES;
				CLANG_WARN_OBJC_ROOT_CLASS = YES_ERROR;
				CLANG_WARN_QUOTED_INCLUDE_IN_FRAMEWORK_HEADER = YES;
				CLANG_WARN_RANGE_LOOP_ANALYSIS = YES;
				CLANG_WARN_STRICT_PROTOTYPES = YES;
				CLANG_WARN_SUSPICIOUS_MOVE = YES;
				CLANG_WARN_UNGUARDED_AVAILABILITY = YES_AGGRESSIVE;
				CLANG_WARN_UNREACHABLE_CODE = YES;
				CLANG_WARN__DUPLICATE_METHOD_MATCH = YES;
				COPY_PHASE_STRIP = NO;
				DEBUG_INFORMATION_FORMAT = "dwarf-with-dsym";
				ENABLE_NS_ASSERTIONS = NO;
				ENABLE_STRICT_OBJC_MSGSEND = YES;
				GCC_C_LANGUAGE_STANDARD = gnu11;
				GCC_NO_COMMON_BLOCKS = YES;
				GCC_WARN_64_TO_32_BIT_CONVERSION = YES;
				GCC_WARN_ABOUT_RETURN_TYPE = YES_ERROR;
				GCC_WARN_UNDECLARED_SELECTOR = YES;
				GCC_WARN_UNINITIALIZED_AUTOS = YES_AGGRESSIVE;
				GCC_WARN_UNUSED_FUNCTION = YES;
				GCC_WARN_UNUSED_VARIABLE = YES;
				IPHONEOS_DEPLOYMENT_TARGET = 15.0;
				MTL_ENABLE_DEBUG_INFO = NO;
				MTL_FAST_MATH = YES;
				SDKROOT = iphoneos;
				SWIFT_COMPILATION_MODE = wholemodule;
				SWIFT_OPTIMIZATION_LEVEL = "-O";
				VALIDATE_PRODUCT = YES;
			};
			name = Release;
		};
		208742942754F47600DF3614 /* Debug */ = {
			isa = XCBuildConfiguration;
			buildSettings = {
				ASSETCATALOG_COMPILER_APPICON_NAME = AppIcon;
				ASSETCATALOG_COMPILER_GLOBAL_ACCENT_COLOR_NAME = AccentColor;
				CODE_SIGN_STYLE = Automatic;
				CURRENT_PROJECT_VERSION = 1;
				DEVELOPMENT_TEAM = 27BN3TK2LU;
				GENERATE_INFOPLIST_FILE = YES;
				INFOPLIST_FILE = Habits/Info.plist;
				INFOPLIST_KEY_UIApplicationSupportsIndirectInputEvents = YES;
				INFOPLIST_KEY_UILaunchStoryboardName = LaunchScreen;
				INFOPLIST_KEY_UIMainStoryboardFile = Main;
				INFOPLIST_KEY_UISupportedInterfaceOrientations_iPad = "UIInterfaceOrientationPortrait UIInterfaceOrientationPortraitUpsideDown UIInterfaceOrientationLandscapeLeft UIInterfaceOrientationLandscapeRight";
				INFOPLIST_KEY_UISupportedInterfaceOrientations_iPhone = "UIInterfaceOrientationPortrait UIInterfaceOrientationLandscapeLeft UIInterfaceOrientationLandscapeRight";
				LD_RUNPATH_SEARCH_PATHS = (
					"$(inherited)",
					"@executable_path/Frameworks",
				);
				MARKETING_VERSION = 1.0;
				PRODUCT_BUNDLE_IDENTIFIER = EricAagaardDavis.Habits;
				PRODUCT_NAME = "$(TARGET_NAME)";
				SWIFT_EMIT_LOC_STRINGS = YES;
				SWIFT_VERSION = 5.0;
				TARGETED_DEVICE_FAMILY = "1,2";
			};
			name = Debug;
		};
		208742952754F47600DF3614 /* Release */ = {
			isa = XCBuildConfiguration;
			buildSettings = {
				ASSETCATALOG_COMPILER_APPICON_NAME = AppIcon;
				ASSETCATALOG_COMPILER_GLOBAL_ACCENT_COLOR_NAME = AccentColor;
				CODE_SIGN_STYLE = Automatic;
				CURRENT_PROJECT_VERSION = 1;
				DEVELOPMENT_TEAM = 27BN3TK2LU;
				GENERATE_INFOPLIST_FILE = YES;
				INFOPLIST_FILE = Habits/Info.plist;
				INFOPLIST_KEY_UIApplicationSupportsIndirectInputEvents = YES;
				INFOPLIST_KEY_UILaunchStoryboardName = LaunchScreen;
				INFOPLIST_KEY_UIMainStoryboardFile = Main;
				INFOPLIST_KEY_UISupportedInterfaceOrientations_iPad = "UIInterfaceOrientationPortrait UIInterfaceOrientationPortraitUpsideDown UIInterfaceOrientationLandscapeLeft UIInterfaceOrientationLandscapeRight";
				INFOPLIST_KEY_UISupportedInterfaceOrientations_iPhone = "UIInterfaceOrientationPortrait UIInterfaceOrientationLandscapeLeft UIInterfaceOrientationLandscapeRight";
				LD_RUNPATH_SEARCH_PATHS = (
					"$(inherited)",
					"@executable_path/Frameworks",
				);
				MARKETING_VERSION = 1.0;
				PRODUCT_BUNDLE_IDENTIFIER = EricAagaardDavis.Habits;
				PRODUCT_NAME = "$(TARGET_NAME)";
				SWIFT_EMIT_LOC_STRINGS = YES;
				SWIFT_VERSION = 5.0;
				TARGETED_DEVICE_FAMILY = "1,2";
			};
			name = Release;
		};
		208742972754F47600DF3614 /* Debug */ = {
			isa = XCBuildConfiguration;
			buildSettings = {
				ALWAYS_EMBED_SWIFT_STANDARD_LIBRARIES = YES;
				BUNDLE_LOADER = "$(TEST_HOST)";
				CODE_SIGN_STYLE = Automatic;
				CURRENT_PROJECT_VERSION = 1;
				DEVELOPMENT_TEAM = 27BN3TK2LU;
				GENERATE_INFOPLIST_FILE = YES;
				IPHONEOS_DEPLOYMENT_TARGET = 15.0;
				LD_RUNPATH_SEARCH_PATHS = (
					"$(inherited)",
					"@executable_path/Frameworks",
					"@loader_path/Frameworks",
				);
				MARKETING_VERSION = 1.0;
				PRODUCT_BUNDLE_IDENTIFIER = EricAagaardDavis.HabitsTests;
				PRODUCT_NAME = "$(TARGET_NAME)";
				SWIFT_EMIT_LOC_STRINGS = NO;
				SWIFT_VERSION = 5.0;
				TARGETED_DEVICE_FAMILY = "1,2";
				TEST_HOST = "$(BUILT_PRODUCTS_DIR)/Habits.app/Habits";
			};
			name = Debug;
		};
		208742982754F47600DF3614 /* Release */ = {
			isa = XCBuildConfiguration;
			buildSettings = {
				ALWAYS_EMBED_SWIFT_STANDARD_LIBRARIES = YES;
				BUNDLE_LOADER = "$(TEST_HOST)";
				CODE_SIGN_STYLE = Automatic;
				CURRENT_PROJECT_VERSION = 1;
				DEVELOPMENT_TEAM = 27BN3TK2LU;
				GENERATE_INFOPLIST_FILE = YES;
				IPHONEOS_DEPLOYMENT_TARGET = 15.0;
				LD_RUNPATH_SEARCH_PATHS = (
					"$(inherited)",
					"@executable_path/Frameworks",
					"@loader_path/Frameworks",
				);
				MARKETING_VERSION = 1.0;
				PRODUCT_BUNDLE_IDENTIFIER = EricAagaardDavis.HabitsTests;
				PRODUCT_NAME = "$(TARGET_NAME)";
				SWIFT_EMIT_LOC_STRINGS = NO;
				SWIFT_VERSION = 5.0;
				TARGETED_DEVICE_FAMILY = "1,2";
				TEST_HOST = "$(BUILT_PRODUCTS_DIR)/Habits.app/Habits";
			};
			name = Release;
		};
		2087429A2754F47600DF3614 /* Debug */ = {
			isa = XCBuildConfiguration;
			buildSettings = {
				ALWAYS_EMBED_SWIFT_STANDARD_LIBRARIES = YES;
				CODE_SIGN_STYLE = Automatic;
				CURRENT_PROJECT_VERSION = 1;
				DEVELOPMENT_TEAM = 27BN3TK2LU;
				GENERATE_INFOPLIST_FILE = YES;
				LD_RUNPATH_SEARCH_PATHS = (
					"$(inherited)",
					"@executable_path/Frameworks",
					"@loader_path/Frameworks",
				);
				MARKETING_VERSION = 1.0;
				PRODUCT_BUNDLE_IDENTIFIER = EricAagaardDavis.HabitsUITests;
				PRODUCT_NAME = "$(TARGET_NAME)";
				SWIFT_EMIT_LOC_STRINGS = NO;
				SWIFT_VERSION = 5.0;
				TARGETED_DEVICE_FAMILY = "1,2";
				TEST_TARGET_NAME = Habits;
			};
			name = Debug;
		};
		2087429B2754F47600DF3614 /* Release */ = {
			isa = XCBuildConfiguration;
			buildSettings = {
				ALWAYS_EMBED_SWIFT_STANDARD_LIBRARIES = YES;
				CODE_SIGN_STYLE = Automatic;
				CURRENT_PROJECT_VERSION = 1;
				DEVELOPMENT_TEAM = 27BN3TK2LU;
				GENERATE_INFOPLIST_FILE = YES;
				LD_RUNPATH_SEARCH_PATHS = (
					"$(inherited)",
					"@executable_path/Frameworks",
					"@loader_path/Frameworks",
				);
				MARKETING_VERSION = 1.0;
				PRODUCT_BUNDLE_IDENTIFIER = EricAagaardDavis.HabitsUITests;
				PRODUCT_NAME = "$(TARGET_NAME)";
				SWIFT_EMIT_LOC_STRINGS = NO;
				SWIFT_VERSION = 5.0;
				TARGETED_DEVICE_FAMILY = "1,2";
				TEST_TARGET_NAME = Habits;
			};
			name = Release;
		};
/* End XCBuildConfiguration section */

/* Begin XCConfigurationList section */
		208742642754F47100DF3614 /* Build configuration list for PBXProject "Habits" */ = {
			isa = XCConfigurationList;
			buildConfigurations = (
				208742912754F47600DF3614 /* Debug */,
				208742922754F47600DF3614 /* Release */,
			);
			defaultConfigurationIsVisible = 0;
			defaultConfigurationName = Release;
		};
		208742932754F47600DF3614 /* Build configuration list for PBXNativeTarget "Habits" */ = {
			isa = XCConfigurationList;
			buildConfigurations = (
				208742942754F47600DF3614 /* Debug */,
				208742952754F47600DF3614 /* Release */,
			);
			defaultConfigurationIsVisible = 0;
			defaultConfigurationName = Release;
		};
		208742962754F47600DF3614 /* Build configuration list for PBXNativeTarget "HabitsTests" */ = {
			isa = XCConfigurationList;
			buildConfigurations = (
				208742972754F47600DF3614 /* Debug */,
				208742982754F47600DF3614 /* Release */,
			);
			defaultConfigurationIsVisible = 0;
			defaultConfigurationName = Release;
		};
		208742992754F47600DF3614 /* Build configuration list for PBXNativeTarget "HabitsUITests" */ = {
			isa = XCConfigurationList;
			buildConfigurations = (
				2087429A2754F47600DF3614 /* Debug */,
				2087429B2754F47600DF3614 /* Release */,
			);
			defaultConfigurationIsVisible = 0;
			defaultConfigurationName = Release;
		};
/* End XCConfigurationList section */
	};
	rootObject = 208742612754F47100DF3614 /* Project object */;
}
